
Microsoft Visual Studio Solution File, Format Version 12.00
# Visual Studio Version 16
VisualStudioVersion = 16.0.30517.126
MinimumVisualStudioVersion = 10.0.40219.1
Project("{FAE04EC0-301F-11D3-BF4B-00C04F79EFBC}") = "Fertiliser", "Fertiliser\Fertiliser.csproj", "{1C896837-E729-46A9-92B9-3BBE7AC2C90D}"
EndProject
Global
	GlobalSection(SolutionConfigurationPlatforms) = preSolution
		Debug|Any CPU = Debug|Any CPU
		Release|Any CPU = Release|Any CPU
	EndGlobalSection
	GlobalSection(ProjectConfigurationPlatforms) = postSolution
		{1C896837-E729-46A9-92B9-3BBE7AC2C90D}.Debug|Any CPU.ActiveCfg = Debug|Any CPU
		{1C896837-E729-46A9-92B9-3BBE7AC2C90D}.Debug|Any CPU.Build.0 = Debug|Any CPU
		{1C896837-E729-46A9-92B9-3BBE7AC2C90D}.Release|Any CPU.ActiveCfg = Release|Any CPU
		{1C896837-E729-46A9-92B9-3BBE7AC2C90D}.Release|Any CPU.Build.0 = Release|Any CPU
	EndGlobalSection
	GlobalSection(SolutionProperties) = preSolution
		HideSolutionNode = FALSE
	EndGlobalSection
	GlobalSection(ExtensibilityGlobals) = postSolution
		SolutionGuid = {B68FDF85-F4D0-416B-993C-7E0AE8B8FCA8}
	EndGlobalSection
EndGlobal
