
Microsoft Visual Studio Solution File, Format Version 12.00
# Visual Studio Version 16
VisualStudioVersion = 16.0.30517.126
MinimumVisualStudioVersion = 10.0.40219.1
Project("{FAE04EC0-301F-11D3-BF4B-00C04F79EFBC}") = "Crop", "Crop\Crop.csproj", "{9A6C028F-423F-4C2C-8DB3-B3499139B822}"
EndProject
Global
	GlobalSection(SolutionConfigurationPlatforms) = preSolution
		Debug|Any CPU = Debug|Any CPU
		Release|Any CPU = Release|Any CPU
	EndGlobalSection
	GlobalSection(ProjectConfigurationPlatforms) = postSolution
		{9A6C028F-423F-4C2C-8DB3-B3499139B822}.Debug|Any CPU.ActiveCfg = Debug|Any CPU
		{9A6C028F-423F-4C2C-8DB3-B3499139B822}.Debug|Any CPU.Build.0 = Debug|Any CPU
		{9A6C028F-423F-4C2C-8DB3-B3499139B822}.Release|Any CPU.ActiveCfg = Release|Any CPU
		{9A6C028F-423F-4C2C-8DB3-B3499139B822}.Release|Any CPU.Build.0 = Release|Any CPU
	EndGlobalSection
	GlobalSection(SolutionProperties) = preSolution
		HideSolutionNode = FALSE
	EndGlobalSection
	GlobalSection(ExtensibilityGlobals) = postSolution
		SolutionGuid = {010C196E-B685-4804-9314-F04BCF8ECFE6}
	EndGlobalSection
EndGlobal
